
Microsoft Visual Studio Solution File, Format Version 12.00
# Visual Studio Version 16
VisualStudioVersion = 16.0.29911.84
MinimumVisualStudioVersion = 10.0.40219.1
Project("{9A19103F-16F7-4668-BE54-9A1E7A4F7556}") = "PS34", "PS34\PS34.csproj", "{69D4EE24-8BA3-4CA9-910E-587E714AFA56}"
EndProject
Global
	GlobalSection(SolutionConfigurationPlatforms) = preSolution
		Debug|Any CPU = Debug|Any CPU
		Release|Any CPU = Release|Any CPU
	EndGlobalSection
	GlobalSection(ProjectConfigurationPlatforms) = postSolution
		{69D4EE24-8BA3-4CA9-910E-587E714AFA56}.Debug|Any CPU.ActiveCfg = Debug|Any CPU
		{69D4EE24-8BA3-4CA9-910E-587E714AFA56}.Debug|Any CPU.Build.0 = Debug|Any CPU
		{69D4EE24-8BA3-4CA9-910E-587E714AFA56}.Release|Any CPU.ActiveCfg = Release|Any CPU
		{69D4EE24-8BA3-4CA9-910E-587E714AFA56}.Release|Any CPU.Build.0 = Release|Any CPU
	EndGlobalSection
	GlobalSection(SolutionProperties) = preSolution
		HideSolutionNode = FALSE
	EndGlobalSection
	GlobalSection(ExtensibilityGlobals) = postSolution
		SolutionGuid = {8ADF2268-0257-401E-9A49-475E7ABA9301}
	EndGlobalSection
EndGlobal
